// !$*UTF8*$!
{
	archiveVersion = 1;
	classes = {
	};
	objectVersion = 56;
	objects = {

/* Begin PBXBuildFile section */
		C7BC09A5298F8FAC00787737 /* AppDelegate.swift in Sources */ = {isa = PBXBuildFile; fileRef = C7BC09A4298F8FAC00787737 /* AppDelegate.swift */; };
		C7BC09A7298F8FAC00787737 /* SceneDelegate.swift in Sources */ = {isa = PBXBuildFile; fileRef = C7BC09A6298F8FAC00787737 /* SceneDelegate.swift */; };
		C7BC09AE298F8FAE00787737 /* Assets.xcassets in Resources */ = {isa = PBXBuildFile; fileRef = C7BC09AD298F8FAE00787737 /* Assets.xcassets */; };
		C7BC09B1298F8FAE00787737 /* LaunchScreen.storyboard in Resources */ = {isa = PBXBuildFile; fileRef = C7BC09AF298F8FAE00787737 /* LaunchScreen.storyboard */; };
		C7BC09C8298F98B800787737 /* MainViewController.swift in Sources */ = {isa = PBXBuildFile; fileRef = C7BC09C7298F98B800787737 /* MainViewController.swift */; };
		C7BC09CA298FA55B00787737 /* ImagesList.swift in Sources */ = {isa = PBXBuildFile; fileRef = C7BC09C9298FA55B00787737 /* ImagesList.swift */; };
		CE3D38F829906E2B00868B09 /* QuestionsListViewController.swift in Sources */ = {isa = PBXBuildFile; fileRef = CE3D38F729906E2B00868B09 /* QuestionsListViewController.swift */; };
		CE3D38FA29907A6A00868B09 /* QuestionTableViewCell.swift in Sources */ = {isa = PBXBuildFile; fileRef = CE3D38F929907A6A00868B09 /* QuestionTableViewCell.swift */; };
		CEDD761C2991127100FDFCC1 /* QuestionModel.swift in Sources */ = {isa = PBXBuildFile; fileRef = CEDD761B2991127100FDFCC1 /* QuestionModel.swift */; };
		CEDD761E2991129400FDFCC1 /* Images.swift in Sources */ = {isa = PBXBuildFile; fileRef = CEDD761D2991129400FDFCC1 /* Images.swift */; };
/* End PBXBuildFile section */

/* Begin PBXFileReference section */
		C7BC09A1298F8FAC00787737 /* MillionaireApp.app */ = {isa = PBXFileReference; explicitFileType = wrapper.application; includeInIndex = 0; path = MillionaireApp.app; sourceTree = BUILT_PRODUCTS_DIR; };
		C7BC09A4298F8FAC00787737 /* AppDelegate.swift */ = {isa = PBXFileReference; lastKnownFileType = sourcecode.swift; path = AppDelegate.swift; sourceTree = "<group>"; };
		C7BC09A6298F8FAC00787737 /* SceneDelegate.swift */ = {isa = PBXFileReference; lastKnownFileType = sourcecode.swift; path = SceneDelegate.swift; sourceTree = "<group>"; };
		C7BC09AD298F8FAE00787737 /* Assets.xcassets */ = {isa = PBXFileReference; lastKnownFileType = folder.assetcatalog; path = Assets.xcassets; sourceTree = "<group>"; };
		C7BC09B0298F8FAE00787737 /* Base */ = {isa = PBXFileReference; lastKnownFileType = file.storyboard; name = Base; path = Base.lproj/LaunchScreen.storyboard; sourceTree = "<group>"; };
		C7BC09B2298F8FAE00787737 /* Info.plist */ = {isa = PBXFileReference; lastKnownFileType = text.plist.xml; path = Info.plist; sourceTree = "<group>"; };
		C7BC09C7298F98B800787737 /* MainViewController.swift */ = {isa = PBXFileReference; lastKnownFileType = sourcecode.swift; path = MainViewController.swift; sourceTree = "<group>"; };
		C7BC09C9298FA55B00787737 /* ImagesList.swift */ = {isa = PBXFileReference; lastKnownFileType = sourcecode.swift; path = ImagesList.swift; sourceTree = "<group>"; };
		CE3D38F729906E2B00868B09 /* QuestionsListViewController.swift */ = {isa = PBXFileReference; lastKnownFileType = sourcecode.swift; name = QuestionsListViewController.swift; path = "../../../../../../../.Trash/MillionaireApp 2.01.36 AM/MillionaireApp/Module/QuestionList/Controller/QuestionsListViewController.swift"; sourceTree = "<group>"; };
		CE3D38F929907A6A00868B09 /* QuestionTableViewCell.swift */ = {isa = PBXFileReference; lastKnownFileType = sourcecode.swift; path = QuestionTableViewCell.swift; sourceTree = "<group>"; };
		CEDD761B2991127100FDFCC1 /* QuestionModel.swift */ = {isa = PBXFileReference; lastKnownFileType = sourcecode.swift; path = QuestionModel.swift; sourceTree = "<group>"; };
		CEDD761D2991129400FDFCC1 /* Images.swift */ = {isa = PBXFileReference; lastKnownFileType = sourcecode.swift; path = Images.swift; sourceTree = "<group>"; };
/* End PBXFileReference section */

/* Begin PBXFrameworksBuildPhase section */
		C7BC099E298F8FAC00787737 /* Frameworks */ = {
			isa = PBXFrameworksBuildPhase;
			buildActionMask = 2147483647;
			files = (
			);
			runOnlyForDeploymentPostprocessing = 0;
		};
/* End PBXFrameworksBuildPhase section */

/* Begin PBXGroup section */
		C7BC0998298F8FAC00787737 = {
			isa = PBXGroup;
			children = (
				C7BC09A3298F8FAC00787737 /* MillionaireApp */,
				C7BC09A2298F8FAC00787737 /* Products */,
			);
			sourceTree = "<group>";
		};
		C7BC09A2298F8FAC00787737 /* Products */ = {
			isa = PBXGroup;
			children = (
				C7BC09A1298F8FAC00787737 /* MillionaireApp.app */,
			);
			name = Products;
			sourceTree = "<group>";
		};
		C7BC09A3298F8FAC00787737 /* MillionaireApp */ = {
			isa = PBXGroup;
			children = (
				C7BC09B9298F919500787737 /* Helpers */,
				C7BC09B8298F918900787737 /* Module */,
				C7BC09C6298F979700787737 /* Delegates */,
				C7BC09AD298F8FAE00787737 /* Assets.xcassets */,
				C7BC09AF298F8FAE00787737 /* LaunchScreen.storyboard */,
				C7BC09B2298F8FAE00787737 /* Info.plist */,
			);
			path = MillionaireApp;
			sourceTree = "<group>";
		};
		C7BC09B8298F918900787737 /* Module */ = {
			isa = PBXGroup;
			children = (
				C7BC09BA298F925D00787737 /* Main */,
				C7BC09BC298F929000787737 /* Game */,
				C7BC09BD298F92F000787737 /* QuestionList */,
				C7BC09BB298F928600787737 /* Rules */,
			);
			path = Module;
			sourceTree = "<group>";
		};
		C7BC09B9298F919500787737 /* Helpers */ = {
			isa = PBXGroup;
			children = (
				C7BC09C9298FA55B00787737 /* ImagesList.swift */,
			);
			path = Helpers;
			sourceTree = "<group>";
		};
		C7BC09BA298F925D00787737 /* Main */ = {
			isa = PBXGroup;
			children = (
				C7BC09BF298F93B800787737 /* Controller */,
				C7BC09BE298F93B100787737 /* View */,
			);
			path = Main;
			sourceTree = "<group>";
		};
		C7BC09BB298F928600787737 /* Rules */ = {
			isa = PBXGroup;
			children = (
				C7BC09C5298F941800787737 /* View */,
				C7BC09C4298F941100787737 /* Controller */,
			);
			path = Rules;
			sourceTree = "<group>";
		};
		C7BC09BC298F929000787737 /* Game */ = {
			isa = PBXGroup;
			children = (
				C7BC09C1298F93E500787737 /* View */,
				C7BC09C0298F93BE00787737 /* Controller */,
			);
			path = Game;
			sourceTree = "<group>";
		};
		C7BC09BD298F92F000787737 /* QuestionList */ = {
			isa = PBXGroup;
			children = (
				CEDD761A2991125400FDFCC1 /* Model */,
				C7BC09C3298F93F300787737 /* View */,
				C7BC09C2298F93EC00787737 /* Controller */,
			);
			path = QuestionList;
			sourceTree = "<group>";
		};
		C7BC09BE298F93B100787737 /* View */ = {
			isa = PBXGroup;
			children = (
			);
			path = View;
			sourceTree = "<group>";
		};
		C7BC09BF298F93B800787737 /* Controller */ = {
			isa = PBXGroup;
			children = (
				C7BC09C7298F98B800787737 /* MainViewController.swift */,
			);
			path = Controller;
			sourceTree = "<group>";
		};
		C7BC09C0298F93BE00787737 /* Controller */ = {
			isa = PBXGroup;
			children = (
			);
			path = Controller;
			sourceTree = "<group>";
		};
		C7BC09C1298F93E500787737 /* View */ = {
			isa = PBXGroup;
			children = (
			);
			path = View;
			sourceTree = "<group>";
		};
		C7BC09C2298F93EC00787737 /* Controller */ = {
			isa = PBXGroup;
			children = (
				CE3D38F729906E2B00868B09 /* QuestionsListViewController.swift */,
			);
			path = Controller;
			sourceTree = "<group>";
		};
		C7BC09C3298F93F300787737 /* View */ = {
			isa = PBXGroup;
			children = (
				CE3D38F929907A6A00868B09 /* QuestionTableViewCell.swift */,
			);
			path = View;
			sourceTree = "<group>";
		};
		C7BC09C4298F941100787737 /* Controller */ = {
			isa = PBXGroup;
			children = (
			);
			path = Controller;
			sourceTree = "<group>";
		};
		C7BC09C5298F941800787737 /* View */ = {
			isa = PBXGroup;
			children = (
			);
			path = View;
			sourceTree = "<group>";
		};
		C7BC09C6298F979700787737 /* Delegates */ = {
			isa = PBXGroup;
			children = (
				C7BC09A4298F8FAC00787737 /* AppDelegate.swift */,
				C7BC09A6298F8FAC00787737 /* SceneDelegate.swift */,
			);
			path = Delegates;
			sourceTree = "<group>";
		};
		CEDD761A2991125400FDFCC1 /* Model */ = {
			isa = PBXGroup;
			children = (
				CEDD761B2991127100FDFCC1 /* QuestionModel.swift */,
				CEDD761D2991129400FDFCC1 /* Images.swift */,
			);
			path = Model;
			sourceTree = "<group>";
		};
/* End PBXGroup section */

/* Begin PBXNativeTarget section */
		C7BC09A0298F8FAC00787737 /* MillionaireApp */ = {
			isa = PBXNativeTarget;
			buildConfigurationList = C7BC09B5298F8FAE00787737 /* Build configuration list for PBXNativeTarget "MillionaireApp" */;
			buildPhases = (
				C7BC099D298F8FAC00787737 /* Sources */,
				C7BC099E298F8FAC00787737 /* Frameworks */,
				C7BC099F298F8FAC00787737 /* Resources */,
			);
			buildRules = (
			);
			dependencies = (
			);
			name = MillionaireApp;
			productName = MillionaireApp;
			productReference = C7BC09A1298F8FAC00787737 /* MillionaireApp.app */;
			productType = "com.apple.product-type.application";
		};
/* End PBXNativeTarget section */

/* Begin PBXProject section */
		C7BC0999298F8FAC00787737 /* Project object */ = {
			isa = PBXProject;
			attributes = {
				BuildIndependentTargetsInParallel = 1;
				LastSwiftUpdateCheck = 1420;
				LastUpgradeCheck = 1420;
				TargetAttributes = {
					C7BC09A0298F8FAC00787737 = {
						CreatedOnToolsVersion = 14.2;
					};
				};
			};
			buildConfigurationList = C7BC099C298F8FAC00787737 /* Build configuration list for PBXProject "MillionaireApp" */;
			compatibilityVersion = "Xcode 14.0";
			developmentRegion = en;
			hasScannedForEncodings = 0;
			knownRegions = (
				en,
				Base,
			);
			mainGroup = C7BC0998298F8FAC00787737;
			productRefGroup = C7BC09A2298F8FAC00787737 /* Products */;
			projectDirPath = "";
			projectRoot = "";
			targets = (
				C7BC09A0298F8FAC00787737 /* MillionaireApp */,
			);
		};
/* End PBXProject section */

/* Begin PBXResourcesBuildPhase section */
		C7BC099F298F8FAC00787737 /* Resources */ = {
			isa = PBXResourcesBuildPhase;
			buildActionMask = 2147483647;
			files = (
				C7BC09B1298F8FAE00787737 /* LaunchScreen.storyboard in Resources */,
				C7BC09AE298F8FAE00787737 /* Assets.xcassets in Resources */,
			);
			runOnlyForDeploymentPostprocessing = 0;
		};
/* End PBXResourcesBuildPhase section */

/* Begin PBXSourcesBuildPhase section */
		C7BC099D298F8FAC00787737 /* Sources */ = {
			isa = PBXSourcesBuildPhase;
			buildActionMask = 2147483647;
			files = (
				CEDD761C2991127100FDFCC1 /* QuestionModel.swift in Sources */,
				CEDD761E2991129400FDFCC1 /* Images.swift in Sources */,
				C7BC09C8298F98B800787737 /* MainViewController.swift in Sources */,
				C7BC09A5298F8FAC00787737 /* AppDelegate.swift in Sources */,
				C7BC09CA298FA55B00787737 /* ImagesList.swift in Sources */,
				CE3D38FA29907A6A00868B09 /* QuestionTableViewCell.swift in Sources */,
				CE3D38F829906E2B00868B09 /* QuestionsListViewController.swift in Sources */,
				C7BC09A7298F8FAC00787737 /* SceneDelegate.swift in Sources */,
			);
			runOnlyForDeploymentPostprocessing = 0;
		};
/* End PBXSourcesBuildPhase section */

/* Begin PBXVariantGroup section */
		C7BC09AF298F8FAE00787737 /* LaunchScreen.storyboard */ = {
			isa = PBXVariantGroup;
			children = (
				C7BC09B0298F8FAE00787737 /* Base */,
			);
			name = LaunchScreen.storyboard;
			sourceTree = "<group>";
		};
/* End PBXVariantGroup section */

/* Begin XCBuildConfiguration section */
		C7BC09B3298F8FAE00787737 /* Debug */ = {
			isa = XCBuildConfiguration;
			buildSettings = {
				ALWAYS_SEARCH_USER_PATHS = NO;
				CLANG_ANALYZER_NONNULL = YES;
				CLANG_ANALYZER_NUMBER_OBJECT_CONVERSION = YES_AGGRESSIVE;
				CLANG_CXX_LANGUAGE_STANDARD = "gnu++20";
				CLANG_ENABLE_MODULES = YES;
				CLANG_ENABLE_OBJC_ARC = YES;
				CLANG_ENABLE_OBJC_WEAK = YES;
				CLANG_WARN_BLOCK_CAPTURE_AUTORELEASING = YES;
				CLANG_WARN_BOOL_CONVERSION = YES;
				CLANG_WARN_COMMA = YES;
				CLANG_WARN_CONSTANT_CONVERSION = YES;
				CLANG_WARN_DEPRECATED_OBJC_IMPLEMENTATIONS = YES;
				CLANG_WARN_DIRECT_OBJC_ISA_USAGE = YES_ERROR;
				CLANG_WARN_DOCUMENTATION_COMMENTS = YES;
				CLANG_WARN_EMPTY_BODY = YES;
				CLANG_WARN_ENUM_CONVERSION = YES;
				CLANG_WARN_INFINITE_RECURSION = YES;
				CLANG_WARN_INT_CONVERSION = YES;
				CLANG_WARN_NON_LITERAL_NULL_CONVERSION = YES;
				CLANG_WARN_OBJC_IMPLICIT_RETAIN_SELF = YES;
				CLANG_WARN_OBJC_LITERAL_CONVERSION = YES;
				CLANG_WARN_OBJC_ROOT_CLASS = YES_ERROR;
				CLANG_WARN_QUOTED_INCLUDE_IN_FRAMEWORK_HEADER = YES;
				CLANG_WARN_RANGE_LOOP_ANALYSIS = YES;
				CLANG_WARN_STRICT_PROTOTYPES = YES;
				CLANG_WARN_SUSPICIOUS_MOVE = YES;
				CLANG_WARN_UNGUARDED_AVAILABILITY = YES_AGGRESSIVE;
				CLANG_WARN_UNREACHABLE_CODE = YES;
				CLANG_WARN__DUPLICATE_METHOD_MATCH = YES;
				COPY_PHASE_STRIP = NO;
				DEBUG_INFORMATION_FORMAT = dwarf;
				ENABLE_STRICT_OBJC_MSGSEND = YES;
				ENABLE_TESTABILITY = YES;
				GCC_C_LANGUAGE_STANDARD = gnu11;
				GCC_DYNAMIC_NO_PIC = NO;
				GCC_NO_COMMON_BLOCKS = YES;
				GCC_OPTIMIZATION_LEVEL = 0;
				GCC_PREPROCESSOR_DEFINITIONS = (
					"DEBUG=1",
					"$(inherited)",
				);
				GCC_WARN_64_TO_32_BIT_CONVERSION = YES;
				GCC_WARN_ABOUT_RETURN_TYPE = YES_ERROR;
				GCC_WARN_UNDECLARED_SELECTOR = YES;
				GCC_WARN_UNINITIALIZED_AUTOS = YES_AGGRESSIVE;
				GCC_WARN_UNUSED_FUNCTION = YES;
				GCC_WARN_UNUSED_VARIABLE = YES;
				IPHONEOS_DEPLOYMENT_TARGET = 13.0;
				MTL_ENABLE_DEBUG_INFO = INCLUDE_SOURCE;
				MTL_FAST_MATH = YES;
				ONLY_ACTIVE_ARCH = YES;
				SDKROOT = iphoneos;
				SWIFT_ACTIVE_COMPILATION_CONDITIONS = DEBUG;
				SWIFT_OPTIMIZATION_LEVEL = "-Onone";
			};
			name = Debug;
		};
		C7BC09B4298F8FAE00787737 /* Release */ = {
			isa = XCBuildConfiguration;
			buildSettings = {
				ALWAYS_SEARCH_USER_PATHS = NO;
				CLANG_ANALYZER_NONNULL = YES;
				CLANG_ANALYZER_NUMBER_OBJECT_CONVERSION = YES_AGGRESSIVE;
				CLANG_CXX_LANGUAGE_STANDARD = "gnu++20";
				CLANG_ENABLE_MODULES = YES;
				CLANG_ENABLE_OBJC_ARC = YES;
				CLANG_ENABLE_OBJC_WEAK = YES;
				CLANG_WARN_BLOCK_CAPTURE_AUTORELEASING = YES;
				CLANG_WARN_BOOL_CONVERSION = YES;
				CLANG_WARN_COMMA = YES;
				CLANG_WARN_CONSTANT_CONVERSION = YES;
				CLANG_WARN_DEPRECATED_OBJC_IMPLEMENTATIONS = YES;
				CLANG_WARN_DIRECT_OBJC_ISA_USAGE = YES_ERROR;
				CLANG_WARN_DOCUMENTATION_COMMENTS = YES;
				CLANG_WARN_EMPTY_BODY = YES;
				CLANG_WARN_ENUM_CONVERSION = YES;
				CLANG_WARN_INFINITE_RECURSION = YES;
				CLANG_WARN_INT_CONVERSION = YES;
				CLANG_WARN_NON_LITERAL_NULL_CONVERSION = YES;
				CLANG_WARN_OBJC_IMPLICIT_RETAIN_SELF = YES;
				CLANG_WARN_OBJC_LITERAL_CONVERSION = YES;
				CLANG_WARN_OBJC_ROOT_CLASS = YES_ERROR;
				CLANG_WARN_QUOTED_INCLUDE_IN_FRAMEWORK_HEADER = YES;
				CLANG_WARN_RANGE_LOOP_ANALYSIS = YES;
				CLANG_WARN_STRICT_PROTOTYPES = YES;
				CLANG_WARN_SUSPICIOUS_MOVE = YES;
				CLANG_WARN_UNGUARDED_AVAILABILITY = YES_AGGRESSIVE;
				CLANG_WARN_UNREACHABLE_CODE = YES;
				CLANG_WARN__DUPLICATE_METHOD_MATCH = YES;
				COPY_PHASE_STRIP = NO;
				DEBUG_INFORMATION_FORMAT = "dwarf-with-dsym";
				ENABLE_NS_ASSERTIONS = NO;
				ENABLE_STRICT_OBJC_MSGSEND = YES;
				GCC_C_LANGUAGE_STANDARD = gnu11;
				GCC_NO_COMMON_BLOCKS = YES;
				GCC_WARN_64_TO_32_BIT_CONVERSION = YES;
				GCC_WARN_ABOUT_RETURN_TYPE = YES_ERROR;
				GCC_WARN_UNDECLARED_SELECTOR = YES;
				GCC_WARN_UNINITIALIZED_AUTOS = YES_AGGRESSIVE;
				GCC_WARN_UNUSED_FUNCTION = YES;
				GCC_WARN_UNUSED_VARIABLE = YES;
				IPHONEOS_DEPLOYMENT_TARGET = 13.0;
				MTL_ENABLE_DEBUG_INFO = NO;
				MTL_FAST_MATH = YES;
				SDKROOT = iphoneos;
				SWIFT_COMPILATION_MODE = wholemodule;
				SWIFT_OPTIMIZATION_LEVEL = "-O";
				VALIDATE_PRODUCT = YES;
			};
			name = Release;
		};
		C7BC09B6298F8FAE00787737 /* Debug */ = {
			isa = XCBuildConfiguration;
			buildSettings = {
				ASSETCATALOG_COMPILER_APPICON_NAME = AppIcon;
				ASSETCATALOG_COMPILER_GLOBAL_ACCENT_COLOR_NAME = AccentColor;
				CODE_SIGN_STYLE = Automatic;
				CURRENT_PROJECT_VERSION = 1;
				DEVELOPMENT_TEAM = 6S9Y87TLD6;
				GENERATE_INFOPLIST_FILE = YES;
				INFOPLIST_FILE = MillionaireApp/Info.plist;
				INFOPLIST_KEY_UIApplicationSupportsIndirectInputEvents = YES;
				INFOPLIST_KEY_UILaunchStoryboardName = LaunchScreen;
				INFOPLIST_KEY_UISupportedInterfaceOrientations = UIInterfaceOrientationPortrait;
				INFOPLIST_KEY_UISupportedInterfaceOrientations_iPad = "UIInterfaceOrientationLandscapeLeft UIInterfaceOrientationLandscapeRight UIInterfaceOrientationPortrait UIInterfaceOrientationPortraitUpsideDown";
				IPHONEOS_DEPLOYMENT_TARGET = 13.0;
				LD_RUNPATH_SEARCH_PATHS = (
					"$(inherited)",
					"@executable_path/Frameworks",
				);
				MARKETING_VERSION = 1.0;
				PRODUCT_BUNDLE_IDENTIFIER = "Emil-Guseynov.MillionaireApp";
				PRODUCT_NAME = "$(TARGET_NAME)";
				SUPPORTED_PLATFORMS = "iphoneos iphonesimulator";
				SUPPORTS_MACCATALYST = NO;
				SUPPORTS_MAC_DESIGNED_FOR_IPHONE_IPAD = NO;
				SWIFT_EMIT_LOC_STRINGS = YES;
				SWIFT_VERSION = 5.0;
				TARGETED_DEVICE_FAMILY = 1;
			};
			name = Debug;
		};
		C7BC09B7298F8FAE00787737 /* Release */ = {
			isa = XCBuildConfiguration;
			buildSettings = {
				ASSETCATALOG_COMPILER_APPICON_NAME = AppIcon;
				ASSETCATALOG_COMPILER_GLOBAL_ACCENT_COLOR_NAME = AccentColor;
				CODE_SIGN_STYLE = Automatic;
				CURRENT_PROJECT_VERSION = 1;
				DEVELOPMENT_TEAM = 6S9Y87TLD6;
				GENERATE_INFOPLIST_FILE = YES;
				INFOPLIST_FILE = MillionaireApp/Info.plist;
				INFOPLIST_KEY_UIApplicationSupportsIndirectInputEvents = YES;
				INFOPLIST_KEY_UILaunchStoryboardName = LaunchScreen;
				INFOPLIST_KEY_UISupportedInterfaceOrientations = UIInterfaceOrientationPortrait;
				INFOPLIST_KEY_UISupportedInterfaceOrientations_iPad = "UIInterfaceOrientationLandscapeLeft UIInterfaceOrientationLandscapeRight UIInterfaceOrientationPortrait UIInterfaceOrientationPortraitUpsideDown";
				IPHONEOS_DEPLOYMENT_TARGET = 13.0;
				LD_RUNPATH_SEARCH_PATHS = (
					"$(inherited)",
					"@executable_path/Frameworks",
				);
				MARKETING_VERSION = 1.0;
				PRODUCT_BUNDLE_IDENTIFIER = "Emil-Guseynov.MillionaireApp";
				PRODUCT_NAME = "$(TARGET_NAME)";
				SUPPORTED_PLATFORMS = "iphoneos iphonesimulator";
				SUPPORTS_MACCATALYST = NO;
				SUPPORTS_MAC_DESIGNED_FOR_IPHONE_IPAD = NO;
				SWIFT_EMIT_LOC_STRINGS = YES;
				SWIFT_VERSION = 5.0;
				TARGETED_DEVICE_FAMILY = 1;
			};
			name = Release;
		};
/* End XCBuildConfiguration section */

/* Begin XCConfigurationList section */
		C7BC099C298F8FAC00787737 /* Build configuration list for PBXProject "MillionaireApp" */ = {
			isa = XCConfigurationList;
			buildConfigurations = (
				C7BC09B3298F8FAE00787737 /* Debug */,
				C7BC09B4298F8FAE00787737 /* Release */,
			);
			defaultConfigurationIsVisible = 0;
			defaultConfigurationName = Release;
		};
		C7BC09B5298F8FAE00787737 /* Build configuration list for PBXNativeTarget "MillionaireApp" */ = {
			isa = XCConfigurationList;
			buildConfigurations = (
				C7BC09B6298F8FAE00787737 /* Debug */,
				C7BC09B7298F8FAE00787737 /* Release */,
			);
			defaultConfigurationIsVisible = 0;
			defaultConfigurationName = Release;
		};
/* End XCConfigurationList section */
	};
	rootObject = C7BC0999298F8FAC00787737 /* Project object */;
}
