// !$*UTF8*$!
{
	archiveVersion = 1;
	classes = {
	};
	objectVersion = 56;
	objects = {

/* Begin PBXBuildFile section */
		607CFD162991A30E00930BEB /* RulesViewController.swift in Sources */ = {isa = PBXBuildFile; fileRef = 607CFD152991A30E00930BEB /* RulesViewController.swift */; };
		607CFD192991A3E600930BEB /* RulesModel.swift in Sources */ = {isa = PBXBuildFile; fileRef = 607CFD182991A3E600930BEB /* RulesModel.swift */; };
		6F8034842990292B008F7026 /* GameMainVC.swift in Sources */ = {isa = PBXBuildFile; fileRef = 6F8034832990292B008F7026 /* GameMainVC.swift */; };
		6F80348629924574008F7026 /* QuestionAnswerTableViewCell.swift in Sources */ = {isa = PBXBuildFile; fileRef = 6F80348529924574008F7026 /* QuestionAnswerTableViewCell.swift */; };

		C5D483372995106800ACC682 /* LoseGameVC.swift in Sources */ = {isa = PBXBuildFile; fileRef = C5D483362995106800ACC682 /* LoseGameVC.swift */; };
		C5D483392995138000ACC682 /* ColorList.swift in Sources */ = {isa = PBXBuildFile; fileRef = C5D483382995138000ACC682 /* ColorList.swift */; };
		C5D4833F2996EDC000ACC682 /* WinGameVC.swift in Sources */ = {isa = PBXBuildFile; fileRef = C5D4833E2996EDC000ACC682 /* WinGameVC.swift */; };
		C5D4834229981DB100ACC682 /* WinVCSound.mp3 in Resources */ = {isa = PBXBuildFile; fileRef = C5D4834129981DB100ACC682 /* WinVCSound.mp3 */; };

		6FF331312994E5F200DCAFB7 /* SoundClass.swift in Sources */ = {isa = PBXBuildFile; fileRef = 6FF331302994E5F200DCAFB7 /* SoundClass.swift */; };
		6FF331332994EAAA00DCAFB7 /* question-timer.mp3 in Resources */ = {isa = PBXBuildFile; fileRef = 6FF331322994EAA900DCAFB7 /* question-timer.mp3 */; };
		6FF331562995474000DCAFB7 /* otvet-vernyiy-5267_2.mp3 in Resources */ = {isa = PBXBuildFile; fileRef = 6FF331552995474000DCAFB7 /* otvet-vernyiy-5267_2.mp3 */; };
		6FF331582995476B00DCAFB7 /* zvuk-nepravilnogo-otveta-vkto-hochet-stat-millionerom-5270_6.mp3 in Resources */ = {isa = PBXBuildFile; fileRef = 6FF331572995476B00DCAFB7 /* zvuk-nepravilnogo-otveta-vkto-hochet-stat-millionerom-5270_6.mp3 */; };
		6FF3315A299547AA00DCAFB7 /* otvet-prinyat-teper-govorit-veduschiy-5266-1_7.mp3 in Resources */ = {isa = PBXBuildFile; fileRef = 6FF33159299547AA00DCAFB7 /* otvet-prinyat-teper-govorit-veduschiy-5266-1_7.mp3 */; };
		6FF3315C299548F600DCAFB7 /* bolee-kachestvennyiy-zvuk-mojet-on-vam-nujen-5284_8.mp3 in Resources */ = {isa = PBXBuildFile; fileRef = 6FF3315B299548F600DCAFB7 /* bolee-kachestvennyiy-zvuk-mojet-on-vam-nujen-5284_8.mp3 */; };

		C797B0E72993BF49000C6959 /* GameCoordinator.swift in Sources */ = {isa = PBXBuildFile; fileRef = C797B0E62993BF49000C6959 /* GameCoordinator.swift */; };
		C7A1F0DE2995501B003E7C0A /* HelpAlertController.swift in Sources */ = {isa = PBXBuildFile; fileRef = C7A1F0DD2995501B003E7C0A /* HelpAlertController.swift */; };
		C7BC09A5298F8FAC00787737 /* AppDelegate.swift in Sources */ = {isa = PBXBuildFile; fileRef = C7BC09A4298F8FAC00787737 /* AppDelegate.swift */; };
		C7BC09A7298F8FAC00787737 /* SceneDelegate.swift in Sources */ = {isa = PBXBuildFile; fileRef = C7BC09A6298F8FAC00787737 /* SceneDelegate.swift */; };
		C7BC09AE298F8FAE00787737 /* Assets.xcassets in Resources */ = {isa = PBXBuildFile; fileRef = C7BC09AD298F8FAE00787737 /* Assets.xcassets */; };
		C7BC09B1298F8FAE00787737 /* LaunchScreen.storyboard in Resources */ = {isa = PBXBuildFile; fileRef = C7BC09AF298F8FAE00787737 /* LaunchScreen.storyboard */; };
		C7BC09C8298F98B800787737 /* MainVC.swift in Sources */ = {isa = PBXBuildFile; fileRef = C7BC09C7298F98B800787737 /* MainVC.swift */; };
		C7BC09CA298FA55B00787737 /* ImagesList.swift in Sources */ = {isa = PBXBuildFile; fileRef = C7BC09C9298FA55B00787737 /* ImagesList.swift */; };
		C7BC09CE29911FF500787737 /* questions.json in Resources */ = {isa = PBXBuildFile; fileRef = C7BC09CD29911FF500787737 /* questions.json */; };
		C7BC09D229912F5A00787737 /* Service.swift in Sources */ = {isa = PBXBuildFile; fileRef = C7BC09D129912F5A00787737 /* Service.swift */; };
		C7BC09D52991318500787737 /* Model.swift in Sources */ = {isa = PBXBuildFile; fileRef = C7BC09D42991318500787737 /* Model.swift */; };
		CEC65F30299262FC004530DD /* QuestionsListViewController.swift in Sources */ = {isa = PBXBuildFile; fileRef = CEC65F2F299262FC004530DD /* QuestionsListViewController.swift */; };
		CEC65F322992634C004530DD /* QuestionTableViewCell.swift in Sources */ = {isa = PBXBuildFile; fileRef = CEC65F312992634C004530DD /* QuestionTableViewCell.swift */; };
		CEC65F3529926367004530DD /* QuestionModel.swift in Sources */ = {isa = PBXBuildFile; fileRef = CEC65F3429926367004530DD /* QuestionModel.swift */; };
		CEC65F372992637A004530DD /* Images.swift in Sources */ = {isa = PBXBuildFile; fileRef = CEC65F362992637A004530DD /* Images.swift */; };
/* End PBXBuildFile section */

/* Begin PBXFileReference section */
		607CFD152991A30E00930BEB /* RulesViewController.swift */ = {isa = PBXFileReference; lastKnownFileType = sourcecode.swift; path = RulesViewController.swift; sourceTree = "<group>"; };
		607CFD182991A3E600930BEB /* RulesModel.swift */ = {isa = PBXFileReference; lastKnownFileType = sourcecode.swift; path = RulesModel.swift; sourceTree = "<group>"; };
		6F8034832990292B008F7026 /* GameMainVC.swift */ = {isa = PBXFileReference; lastKnownFileType = sourcecode.swift; path = GameMainVC.swift; sourceTree = "<group>"; };
		6F80348529924574008F7026 /* QuestionAnswerTableViewCell.swift */ = {isa = PBXFileReference; lastKnownFileType = sourcecode.swift; path = QuestionAnswerTableViewCell.swift; sourceTree = "<group>"; };

		C5D483362995106800ACC682 /* LoseGameVC.swift */ = {isa = PBXFileReference; lastKnownFileType = sourcecode.swift; path = LoseGameVC.swift; sourceTree = "<group>"; };
		C5D483382995138000ACC682 /* ColorList.swift */ = {isa = PBXFileReference; lastKnownFileType = sourcecode.swift; path = ColorList.swift; sourceTree = "<group>"; };
		C5D4833E2996EDC000ACC682 /* WinGameVC.swift */ = {isa = PBXFileReference; lastKnownFileType = sourcecode.swift; path = WinGameVC.swift; sourceTree = "<group>"; };
		C5D4834129981DB100ACC682 /* WinVCSound.mp3 */ = {isa = PBXFileReference; lastKnownFileType = audio.mp3; path = WinVCSound.mp3; sourceTree = "<group>"; };

		6FF331302994E5F200DCAFB7 /* SoundClass.swift */ = {isa = PBXFileReference; lastKnownFileType = sourcecode.swift; path = SoundClass.swift; sourceTree = "<group>"; };
		6FF331322994EAA900DCAFB7 /* question-timer.mp3 */ = {isa = PBXFileReference; lastKnownFileType = audio.mp3; path = "question-timer.mp3"; sourceTree = "<group>"; };
		6FF331552995474000DCAFB7 /* otvet-vernyiy-5267_2.mp3 */ = {isa = PBXFileReference; lastKnownFileType = audio.mp3; path = "otvet-vernyiy-5267_2.mp3"; sourceTree = "<group>"; };
		6FF331572995476B00DCAFB7 /* zvuk-nepravilnogo-otveta-vkto-hochet-stat-millionerom-5270_6.mp3 */ = {isa = PBXFileReference; lastKnownFileType = audio.mp3; path = "zvuk-nepravilnogo-otveta-vkto-hochet-stat-millionerom-5270_6.mp3"; sourceTree = "<group>"; };
		6FF33159299547AA00DCAFB7 /* otvet-prinyat-teper-govorit-veduschiy-5266-1_7.mp3 */ = {isa = PBXFileReference; lastKnownFileType = audio.mp3; path = "otvet-prinyat-teper-govorit-veduschiy-5266-1_7.mp3"; sourceTree = "<group>"; };
		6FF3315B299548F600DCAFB7 /* bolee-kachestvennyiy-zvuk-mojet-on-vam-nujen-5284_8.mp3 */ = {isa = PBXFileReference; lastKnownFileType = audio.mp3; path = "bolee-kachestvennyiy-zvuk-mojet-on-vam-nujen-5284_8.mp3"; sourceTree = "<group>"; };

		C797B0E62993BF49000C6959 /* GameCoordinator.swift */ = {isa = PBXFileReference; lastKnownFileType = sourcecode.swift; path = GameCoordinator.swift; sourceTree = "<group>"; };
		C7A1F0DD2995501B003E7C0A /* HelpAlertController.swift */ = {isa = PBXFileReference; lastKnownFileType = sourcecode.swift; path = HelpAlertController.swift; sourceTree = "<group>"; };
		C7BC09A1298F8FAC00787737 /* MillionaireApp.app */ = {isa = PBXFileReference; explicitFileType = wrapper.application; includeInIndex = 0; path = MillionaireApp.app; sourceTree = BUILT_PRODUCTS_DIR; };
		C7BC09A4298F8FAC00787737 /* AppDelegate.swift */ = {isa = PBXFileReference; lastKnownFileType = sourcecode.swift; path = AppDelegate.swift; sourceTree = "<group>"; };
		C7BC09A6298F8FAC00787737 /* SceneDelegate.swift */ = {isa = PBXFileReference; lastKnownFileType = sourcecode.swift; path = SceneDelegate.swift; sourceTree = "<group>"; };
		C7BC09AD298F8FAE00787737 /* Assets.xcassets */ = {isa = PBXFileReference; lastKnownFileType = folder.assetcatalog; path = Assets.xcassets; sourceTree = "<group>"; };
		C7BC09B0298F8FAE00787737 /* Base */ = {isa = PBXFileReference; lastKnownFileType = file.storyboard; name = Base; path = Base.lproj/LaunchScreen.storyboard; sourceTree = "<group>"; };
		C7BC09B2298F8FAE00787737 /* Info.plist */ = {isa = PBXFileReference; lastKnownFileType = text.plist.xml; path = Info.plist; sourceTree = "<group>"; };
		C7BC09C7298F98B800787737 /* MainVC.swift */ = {isa = PBXFileReference; lastKnownFileType = sourcecode.swift; path = MainVC.swift; sourceTree = "<group>"; };
		C7BC09C9298FA55B00787737 /* ImagesList.swift */ = {isa = PBXFileReference; lastKnownFileType = sourcecode.swift; path = ImagesList.swift; sourceTree = "<group>"; };
		C7BC09CD29911FF500787737 /* questions.json */ = {isa = PBXFileReference; fileEncoding = 4; lastKnownFileType = text.json; path = questions.json; sourceTree = SOURCE_ROOT; };
		C7BC09D129912F5A00787737 /* Service.swift */ = {isa = PBXFileReference; lastKnownFileType = sourcecode.swift; path = Service.swift; sourceTree = "<group>"; };
		C7BC09D42991318500787737 /* Model.swift */ = {isa = PBXFileReference; lastKnownFileType = sourcecode.swift; path = Model.swift; sourceTree = "<group>"; };
		CEC65F2F299262FC004530DD /* QuestionsListViewController.swift */ = {isa = PBXFileReference; lastKnownFileType = sourcecode.swift; path = QuestionsListViewController.swift; sourceTree = "<group>"; };
		CEC65F312992634C004530DD /* QuestionTableViewCell.swift */ = {isa = PBXFileReference; lastKnownFileType = sourcecode.swift; path = QuestionTableViewCell.swift; sourceTree = "<group>"; };
		CEC65F3429926367004530DD /* QuestionModel.swift */ = {isa = PBXFileReference; lastKnownFileType = sourcecode.swift; path = QuestionModel.swift; sourceTree = "<group>"; };
		CEC65F362992637A004530DD /* Images.swift */ = {isa = PBXFileReference; lastKnownFileType = sourcecode.swift; path = Images.swift; sourceTree = "<group>"; };
/* End PBXFileReference section */

/* Begin PBXFrameworksBuildPhase section */
		C7BC099E298F8FAC00787737 /* Frameworks */ = {
			isa = PBXFrameworksBuildPhase;
			buildActionMask = 2147483647;
			files = (
			);
			runOnlyForDeploymentPostprocessing = 0;
		};
/* End PBXFrameworksBuildPhase section */

/* Begin PBXGroup section */
		607CFD172991A3C800930BEB /* Model */ = {
			isa = PBXGroup;
			children = (
				607CFD182991A3E600930BEB /* RulesModel.swift */,
			);
			path = Model;
			sourceTree = "<group>";
		};

		C5D483322995101600ACC682 /* LoseGame */ = {
			isa = PBXGroup;
			children = (
				C5D483352995103F00ACC682 /* Controller */,
			);
			path = LoseGame;
			sourceTree = "<group>";
		};
		C5D483352995103F00ACC682 /* Controller */ = {
			isa = PBXGroup;
			children = (
				C5D483362995106800ACC682 /* LoseGameVC.swift */,
			);
			path = Controller;
			sourceTree = "<group>";
		};
		C5D4833A2996ED6E00ACC682 /* WinGame */ = {
			isa = PBXGroup;
			children = (
				C5D4833B2996ED8200ACC682 /* Controller */,
			);
			path = WinGame;
			sourceTree = "<group>";
		};
		C5D4833B2996ED8200ACC682 /* Controller */ = {
			isa = PBXGroup;
			children = (
				C5D4833E2996EDC000ACC682 /* WinGameVC.swift */,
			);
			path = Controller;
			sourceTree = "<group>";
		};
		C5D4834029981D9800ACC682 /* Sounds */ = {
			isa = PBXGroup;
			children = (
				C5D4834129981DB100ACC682 /* WinVCSound.mp3 */,

		6FF3315D29954A7700DCAFB7 /* Sounds */ = {
			isa = PBXGroup;
			children = (
				6FF331322994EAA900DCAFB7 /* question-timer.mp3 */,
				6FF331552995474000DCAFB7 /* otvet-vernyiy-5267_2.mp3 */,
				6FF331572995476B00DCAFB7 /* zvuk-nepravilnogo-otveta-vkto-hochet-stat-millionerom-5270_6.mp3 */,
				6FF33159299547AA00DCAFB7 /* otvet-prinyat-teper-govorit-veduschiy-5266-1_7.mp3 */,
				6FF3315B299548F600DCAFB7 /* bolee-kachestvennyiy-zvuk-mojet-on-vam-nujen-5284_8.mp3 */,

			);
			path = Sounds;
			sourceTree = "<group>";
		};
		C7BC0998298F8FAC00787737 = {
			isa = PBXGroup;
			children = (
				C7BC09A3298F8FAC00787737 /* MillionaireApp */,
				C7BC09A2298F8FAC00787737 /* Products */,
			);
			sourceTree = "<group>";
		};
		C7BC09A2298F8FAC00787737 /* Products */ = {
			isa = PBXGroup;
			children = (
				C7BC09A1298F8FAC00787737 /* MillionaireApp.app */,
			);
			name = Products;
			sourceTree = "<group>";
		};
		C7BC09A3298F8FAC00787737 /* MillionaireApp */ = {
			isa = PBXGroup;
			children = (
				C797B0E62993BF49000C6959 /* GameCoordinator.swift */,
				C7BC09D029912F5000787737 /* Service */,
				C7BC09B9298F919500787737 /* Helpers */,
				C7BC09B8298F918900787737 /* Module */,
				C7BC09C6298F979700787737 /* Delegates */,
				C5D4834029981D9800ACC682 /* Sounds */,
				C7BC09AD298F8FAE00787737 /* Assets.xcassets */,
				C7BC09AF298F8FAE00787737 /* LaunchScreen.storyboard */,
				C7BC09B2298F8FAE00787737 /* Info.plist */,
				C7BC09CD29911FF500787737 /* questions.json */,
			);
			path = MillionaireApp;
			sourceTree = "<group>";
		};
		C7BC09B8298F918900787737 /* Module */ = {
			isa = PBXGroup;
			children = (
				C7BC09BA298F925D00787737 /* Main */,
				C7BC09BC298F929000787737 /* Game */,
				C7BC09BD298F92F000787737 /* QuestionList */,
				C5D483322995101600ACC682 /* LoseGame */,
				C5D4833A2996ED6E00ACC682 /* WinGame */,
				C7BC09BB298F928600787737 /* Rules */,
			);
			path = Module;
			sourceTree = "<group>";
		};
		C7BC09B9298F919500787737 /* Helpers */ = {
			isa = PBXGroup;
			children = (
				C7BC09C9298FA55B00787737 /* ImagesList.swift */,
				C5D483382995138000ACC682 /* ColorList.swift */,
			);
			path = Helpers;
			sourceTree = "<group>";
		};
		C7BC09BA298F925D00787737 /* Main */ = {
			isa = PBXGroup;
			children = (
				C7BC09BF298F93B800787737 /* Controller */,
				C7BC09BE298F93B100787737 /* View */,
			);
			path = Main;
			sourceTree = "<group>";
		};
		C7BC09BB298F928600787737 /* Rules */ = {
			isa = PBXGroup;
			children = (
				607CFD172991A3C800930BEB /* Model */,
				C7BC09C5298F941800787737 /* View */,
				C7BC09C4298F941100787737 /* Controller */,
			);
			path = Rules;
			sourceTree = "<group>";
		};
		C7BC09BC298F929000787737 /* Game */ = {
			isa = PBXGroup;
			children = (
				C7BC09D32991317800787737 /* Model */,
				C7BC09C1298F93E500787737 /* View */,
				C7BC09C0298F93BE00787737 /* Controller */,
			);
			path = Game;
			sourceTree = "<group>";
		};
		C7BC09BD298F92F000787737 /* QuestionList */ = {
			isa = PBXGroup;
			children = (
				CEC65F3329926357004530DD /* Model */,
				C7BC09C3298F93F300787737 /* View */,
				C7BC09C2298F93EC00787737 /* Controller */,
			);
			path = QuestionList;
			sourceTree = "<group>";
		};
		C7BC09BE298F93B100787737 /* View */ = {
			isa = PBXGroup;
			children = (
			);
			path = View;
			sourceTree = "<group>";
		};
		C7BC09BF298F93B800787737 /* Controller */ = {
			isa = PBXGroup;
			children = (
				C7BC09C7298F98B800787737 /* MainVC.swift */,
			);
			path = Controller;
			sourceTree = "<group>";
		};
		C7BC09C0298F93BE00787737 /* Controller */ = {
			isa = PBXGroup;
			children = (
				6F8034832990292B008F7026 /* GameMainVC.swift */,
				C7A1F0DD2995501B003E7C0A /* HelpAlertController.swift */,
			);
			path = Controller;
			sourceTree = "<group>";
		};
		C7BC09C1298F93E500787737 /* View */ = {
			isa = PBXGroup;
			children = (
				6F80348529924574008F7026 /* QuestionAnswerTableViewCell.swift */,
			);
			path = View;
			sourceTree = "<group>";
		};
		C7BC09C2298F93EC00787737 /* Controller */ = {
			isa = PBXGroup;
			children = (
				CEC65F2F299262FC004530DD /* QuestionsListViewController.swift */,
			);
			path = Controller;
			sourceTree = "<group>";
		};
		C7BC09C3298F93F300787737 /* View */ = {
			isa = PBXGroup;
			children = (
				CEC65F312992634C004530DD /* QuestionTableViewCell.swift */,
			);
			path = View;
			sourceTree = "<group>";
		};
		C7BC09C4298F941100787737 /* Controller */ = {
			isa = PBXGroup;
			children = (
				607CFD152991A30E00930BEB /* RulesViewController.swift */,
			);
			path = Controller;
			sourceTree = "<group>";
		};
		C7BC09C5298F941800787737 /* View */ = {
			isa = PBXGroup;
			children = (
			);
			path = View;
			sourceTree = "<group>";
		};
		C7BC09C6298F979700787737 /* Delegates */ = {
			isa = PBXGroup;
			children = (
				C7BC09A4298F8FAC00787737 /* AppDelegate.swift */,
				C7BC09A6298F8FAC00787737 /* SceneDelegate.swift */,
			);
			path = Delegates;
			sourceTree = "<group>";
		};
		C7BC09D029912F5000787737 /* Service */ = {
			isa = PBXGroup;
			children = (
				C7BC09D129912F5A00787737 /* Service.swift */,
			);
			path = Service;
			sourceTree = "<group>";
		};
		C7BC09D32991317800787737 /* Model */ = {
			isa = PBXGroup;
			children = (
				C7BC09D42991318500787737 /* Model.swift */,
				6FF331302994E5F200DCAFB7 /* SoundClass.swift */,
				6FF3315D29954A7700DCAFB7 /* Sounds */,
			);
			path = Model;
			sourceTree = "<group>";
		};
		CEC65F3329926357004530DD /* Model */ = {
			isa = PBXGroup;
			children = (
				CEC65F3429926367004530DD /* QuestionModel.swift */,
				CEC65F362992637A004530DD /* Images.swift */,
			);
			path = Model;
			sourceTree = "<group>";
		};
/* End PBXGroup section */

/* Begin PBXNativeTarget section */
		C7BC09A0298F8FAC00787737 /* MillionaireApp */ = {
			isa = PBXNativeTarget;
			buildConfigurationList = C7BC09B5298F8FAE00787737 /* Build configuration list for PBXNativeTarget "MillionaireApp" */;
			buildPhases = (
				C7BC099D298F8FAC00787737 /* Sources */,
				C7BC099E298F8FAC00787737 /* Frameworks */,
				C7BC099F298F8FAC00787737 /* Resources */,
			);
			buildRules = (
			);
			dependencies = (
			);
			name = MillionaireApp;
			productName = MillionaireApp;
			productReference = C7BC09A1298F8FAC00787737 /* MillionaireApp.app */;
			productType = "com.apple.product-type.application";
		};
/* End PBXNativeTarget section */

/* Begin PBXProject section */
		C7BC0999298F8FAC00787737 /* Project object */ = {
			isa = PBXProject;
			attributes = {
				BuildIndependentTargetsInParallel = 1;
				LastSwiftUpdateCheck = 1420;
				LastUpgradeCheck = 1420;
				TargetAttributes = {
					C7BC09A0298F8FAC00787737 = {
						CreatedOnToolsVersion = 14.2;
					};
				};
			};
			buildConfigurationList = C7BC099C298F8FAC00787737 /* Build configuration list for PBXProject "MillionaireApp" */;
			compatibilityVersion = "Xcode 14.0";
			developmentRegion = en;
			hasScannedForEncodings = 0;
			knownRegions = (
				en,
				Base,
			);
			mainGroup = C7BC0998298F8FAC00787737;
			productRefGroup = C7BC09A2298F8FAC00787737 /* Products */;
			projectDirPath = "";
			projectRoot = "";
			targets = (
				C7BC09A0298F8FAC00787737 /* MillionaireApp */,
			);
		};
/* End PBXProject section */

/* Begin PBXResourcesBuildPhase section */
		C7BC099F298F8FAC00787737 /* Resources */ = {
			isa = PBXResourcesBuildPhase;
			buildActionMask = 2147483647;
			files = (

				C5D4834229981DB100ACC682 /* WinVCSound.mp3 in Resources */,

				6FF331332994EAAA00DCAFB7 /* question-timer.mp3 in Resources */,
				6FF3315A299547AA00DCAFB7 /* otvet-prinyat-teper-govorit-veduschiy-5266-1_7.mp3 in Resources */,
				6FF331562995474000DCAFB7 /* otvet-vernyiy-5267_2.mp3 in Resources */,
				6FF331582995476B00DCAFB7 /* zvuk-nepravilnogo-otveta-vkto-hochet-stat-millionerom-5270_6.mp3 in Resources */,

				C7BC09CE29911FF500787737 /* questions.json in Resources */,
				C7BC09B1298F8FAE00787737 /* LaunchScreen.storyboard in Resources */,
				6FF3315C299548F600DCAFB7 /* bolee-kachestvennyiy-zvuk-mojet-on-vam-nujen-5284_8.mp3 in Resources */,
				C7BC09AE298F8FAE00787737 /* Assets.xcassets in Resources */,
			);
			runOnlyForDeploymentPostprocessing = 0;
		};
/* End PBXResourcesBuildPhase section */

/* Begin PBXSourcesBuildPhase section */
		C7BC099D298F8FAC00787737 /* Sources */ = {
			isa = PBXSourcesBuildPhase;
			buildActionMask = 2147483647;
			files = (
				CEC65F30299262FC004530DD /* QuestionsListViewController.swift in Sources */,
				CEC65F372992637A004530DD /* Images.swift in Sources */,
				C797B0E72993BF49000C6959 /* GameCoordinator.swift in Sources */,
				CEC65F322992634C004530DD /* QuestionTableViewCell.swift in Sources */,
				CEC65F3529926367004530DD /* QuestionModel.swift in Sources */,
				607CFD162991A30E00930BEB /* RulesViewController.swift in Sources */,
				C7BC09C8298F98B800787737 /* MainVC.swift in Sources */,
				C5D4833F2996EDC000ACC682 /* WinGameVC.swift in Sources */,
				6F80348629924574008F7026 /* QuestionAnswerTableViewCell.swift in Sources */,
				C7BC09A5298F8FAC00787737 /* AppDelegate.swift in Sources */,

				C5D483372995106800ACC682 /* LoseGameVC.swift in Sources */,

				C7A1F0DE2995501B003E7C0A /* HelpAlertController.swift in Sources */,
				C7BC09D229912F5A00787737 /* Service.swift in Sources */,
				6FF331312994E5F200DCAFB7 /* SoundClass.swift in Sources */,
				C7BC09D52991318500787737 /* Model.swift in Sources */,
				C7BC09CA298FA55B00787737 /* ImagesList.swift in Sources */,
				C5D483392995138000ACC682 /* ColorList.swift in Sources */,
				C7BC09A7298F8FAC00787737 /* SceneDelegate.swift in Sources */,
				6F8034842990292B008F7026 /* GameMainVC.swift in Sources */,
				607CFD192991A3E600930BEB /* RulesModel.swift in Sources */,
			);
			runOnlyForDeploymentPostprocessing = 0;
		};
/* End PBXSourcesBuildPhase section */

/* Begin PBXVariantGroup section */
		C7BC09AF298F8FAE00787737 /* LaunchScreen.storyboard */ = {
			isa = PBXVariantGroup;
			children = (
				C7BC09B0298F8FAE00787737 /* Base */,
			);
			name = LaunchScreen.storyboard;
			sourceTree = "<group>";
		};
/* End PBXVariantGroup section */

/* Begin XCBuildConfiguration section */
		C7BC09B3298F8FAE00787737 /* Debug */ = {
			isa = XCBuildConfiguration;
			buildSettings = {
				ALWAYS_SEARCH_USER_PATHS = NO;
				CLANG_ANALYZER_NONNULL = YES;
				CLANG_ANALYZER_NUMBER_OBJECT_CONVERSION = YES_AGGRESSIVE;
				CLANG_CXX_LANGUAGE_STANDARD = "gnu++20";
				CLANG_ENABLE_MODULES = YES;
				CLANG_ENABLE_OBJC_ARC = YES;
				CLANG_ENABLE_OBJC_WEAK = YES;
				CLANG_WARN_BLOCK_CAPTURE_AUTORELEASING = YES;
				CLANG_WARN_BOOL_CONVERSION = YES;
				CLANG_WARN_COMMA = YES;
				CLANG_WARN_CONSTANT_CONVERSION = YES;
				CLANG_WARN_DEPRECATED_OBJC_IMPLEMENTATIONS = YES;
				CLANG_WARN_DIRECT_OBJC_ISA_USAGE = YES_ERROR;
				CLANG_WARN_DOCUMENTATION_COMMENTS = YES;
				CLANG_WARN_EMPTY_BODY = YES;
				CLANG_WARN_ENUM_CONVERSION = YES;
				CLANG_WARN_INFINITE_RECURSION = YES;
				CLANG_WARN_INT_CONVERSION = YES;
				CLANG_WARN_NON_LITERAL_NULL_CONVERSION = YES;
				CLANG_WARN_OBJC_IMPLICIT_RETAIN_SELF = YES;
				CLANG_WARN_OBJC_LITERAL_CONVERSION = YES;
				CLANG_WARN_OBJC_ROOT_CLASS = YES_ERROR;
				CLANG_WARN_QUOTED_INCLUDE_IN_FRAMEWORK_HEADER = YES;
				CLANG_WARN_RANGE_LOOP_ANALYSIS = YES;
				CLANG_WARN_STRICT_PROTOTYPES = YES;
				CLANG_WARN_SUSPICIOUS_MOVE = YES;
				CLANG_WARN_UNGUARDED_AVAILABILITY = YES_AGGRESSIVE;
				CLANG_WARN_UNREACHABLE_CODE = YES;
				CLANG_WARN__DUPLICATE_METHOD_MATCH = YES;
				COPY_PHASE_STRIP = NO;
				DEBUG_INFORMATION_FORMAT = dwarf;
				ENABLE_STRICT_OBJC_MSGSEND = YES;
				ENABLE_TESTABILITY = YES;
				GCC_C_LANGUAGE_STANDARD = gnu11;
				GCC_DYNAMIC_NO_PIC = NO;
				GCC_NO_COMMON_BLOCKS = YES;
				GCC_OPTIMIZATION_LEVEL = 0;
				GCC_PREPROCESSOR_DEFINITIONS = (
					"DEBUG=1",
					"$(inherited)",
				);
				GCC_WARN_64_TO_32_BIT_CONVERSION = YES;
				GCC_WARN_ABOUT_RETURN_TYPE = YES_ERROR;
				GCC_WARN_UNDECLARED_SELECTOR = YES;
				GCC_WARN_UNINITIALIZED_AUTOS = YES_AGGRESSIVE;
				GCC_WARN_UNUSED_FUNCTION = YES;
				GCC_WARN_UNUSED_VARIABLE = YES;
				IPHONEOS_DEPLOYMENT_TARGET = 13.0;
				MTL_ENABLE_DEBUG_INFO = INCLUDE_SOURCE;
				MTL_FAST_MATH = YES;
				ONLY_ACTIVE_ARCH = YES;
				SDKROOT = iphoneos;
				SWIFT_ACTIVE_COMPILATION_CONDITIONS = DEBUG;
				SWIFT_OPTIMIZATION_LEVEL = "-Onone";
			};
			name = Debug;
		};
		C7BC09B4298F8FAE00787737 /* Release */ = {
			isa = XCBuildConfiguration;
			buildSettings = {
				ALWAYS_SEARCH_USER_PATHS = NO;
				CLANG_ANALYZER_NONNULL = YES;
				CLANG_ANALYZER_NUMBER_OBJECT_CONVERSION = YES_AGGRESSIVE;
				CLANG_CXX_LANGUAGE_STANDARD = "gnu++20";
				CLANG_ENABLE_MODULES = YES;
				CLANG_ENABLE_OBJC_ARC = YES;
				CLANG_ENABLE_OBJC_WEAK = YES;
				CLANG_WARN_BLOCK_CAPTURE_AUTORELEASING = YES;
				CLANG_WARN_BOOL_CONVERSION = YES;
				CLANG_WARN_COMMA = YES;
				CLANG_WARN_CONSTANT_CONVERSION = YES;
				CLANG_WARN_DEPRECATED_OBJC_IMPLEMENTATIONS = YES;
				CLANG_WARN_DIRECT_OBJC_ISA_USAGE = YES_ERROR;
				CLANG_WARN_DOCUMENTATION_COMMENTS = YES;
				CLANG_WARN_EMPTY_BODY = YES;
				CLANG_WARN_ENUM_CONVERSION = YES;
				CLANG_WARN_INFINITE_RECURSION = YES;
				CLANG_WARN_INT_CONVERSION = YES;
				CLANG_WARN_NON_LITERAL_NULL_CONVERSION = YES;
				CLANG_WARN_OBJC_IMPLICIT_RETAIN_SELF = YES;
				CLANG_WARN_OBJC_LITERAL_CONVERSION = YES;
				CLANG_WARN_OBJC_ROOT_CLASS = YES_ERROR;
				CLANG_WARN_QUOTED_INCLUDE_IN_FRAMEWORK_HEADER = YES;
				CLANG_WARN_RANGE_LOOP_ANALYSIS = YES;
				CLANG_WARN_STRICT_PROTOTYPES = YES;
				CLANG_WARN_SUSPICIOUS_MOVE = YES;
				CLANG_WARN_UNGUARDED_AVAILABILITY = YES_AGGRESSIVE;
				CLANG_WARN_UNREACHABLE_CODE = YES;
				CLANG_WARN__DUPLICATE_METHOD_MATCH = YES;
				COPY_PHASE_STRIP = NO;
				DEBUG_INFORMATION_FORMAT = "dwarf-with-dsym";
				ENABLE_NS_ASSERTIONS = NO;
				ENABLE_STRICT_OBJC_MSGSEND = YES;
				GCC_C_LANGUAGE_STANDARD = gnu11;
				GCC_NO_COMMON_BLOCKS = YES;
				GCC_WARN_64_TO_32_BIT_CONVERSION = YES;
				GCC_WARN_ABOUT_RETURN_TYPE = YES_ERROR;
				GCC_WARN_UNDECLARED_SELECTOR = YES;
				GCC_WARN_UNINITIALIZED_AUTOS = YES_AGGRESSIVE;
				GCC_WARN_UNUSED_FUNCTION = YES;
				GCC_WARN_UNUSED_VARIABLE = YES;
				IPHONEOS_DEPLOYMENT_TARGET = 13.0;
				MTL_ENABLE_DEBUG_INFO = NO;
				MTL_FAST_MATH = YES;
				SDKROOT = iphoneos;
				SWIFT_COMPILATION_MODE = wholemodule;
				SWIFT_OPTIMIZATION_LEVEL = "-O";
				VALIDATE_PRODUCT = YES;
			};
			name = Release;
		};
		C7BC09B6298F8FAE00787737 /* Debug */ = {
			isa = XCBuildConfiguration;
			buildSettings = {
				ASSETCATALOG_COMPILER_APPICON_NAME = AppIcon;
				ASSETCATALOG_COMPILER_GLOBAL_ACCENT_COLOR_NAME = AccentColor;
				CODE_SIGN_STYLE = Automatic;
				CURRENT_PROJECT_VERSION = 1;
				DEVELOPMENT_TEAM = 6S9Y87TLD6;
				GENERATE_INFOPLIST_FILE = YES;
				INFOPLIST_FILE = MillionaireApp/Info.plist;
				INFOPLIST_KEY_UIApplicationSupportsIndirectInputEvents = YES;
				INFOPLIST_KEY_UILaunchStoryboardName = LaunchScreen;
				INFOPLIST_KEY_UISupportedInterfaceOrientations = UIInterfaceOrientationPortrait;
				INFOPLIST_KEY_UISupportedInterfaceOrientations_iPad = "UIInterfaceOrientationLandscapeLeft UIInterfaceOrientationLandscapeRight UIInterfaceOrientationPortrait UIInterfaceOrientationPortraitUpsideDown";
				IPHONEOS_DEPLOYMENT_TARGET = 13.0;
				LD_RUNPATH_SEARCH_PATHS = (
					"$(inherited)",
					"@executable_path/Frameworks",
				);
				MARKETING_VERSION = 1.0;
				PRODUCT_BUNDLE_IDENTIFIER = "Emil-Guseynov.MillionaireApp";
				PRODUCT_NAME = "$(TARGET_NAME)";
				SUPPORTED_PLATFORMS = "iphoneos iphonesimulator";
				SUPPORTS_MACCATALYST = NO;
				SUPPORTS_MAC_DESIGNED_FOR_IPHONE_IPAD = NO;
				SWIFT_EMIT_LOC_STRINGS = YES;
				SWIFT_VERSION = 5.0;
				TARGETED_DEVICE_FAMILY = 1;
			};
			name = Debug;
		};
		C7BC09B7298F8FAE00787737 /* Release */ = {
			isa = XCBuildConfiguration;
			buildSettings = {
				ASSETCATALOG_COMPILER_APPICON_NAME = AppIcon;
				ASSETCATALOG_COMPILER_GLOBAL_ACCENT_COLOR_NAME = AccentColor;
				CODE_SIGN_STYLE = Automatic;
				CURRENT_PROJECT_VERSION = 1;
				DEVELOPMENT_TEAM = 6S9Y87TLD6;
				GENERATE_INFOPLIST_FILE = YES;
				INFOPLIST_FILE = MillionaireApp/Info.plist;
				INFOPLIST_KEY_UIApplicationSupportsIndirectInputEvents = YES;
				INFOPLIST_KEY_UILaunchStoryboardName = LaunchScreen;
				INFOPLIST_KEY_UISupportedInterfaceOrientations = UIInterfaceOrientationPortrait;
				INFOPLIST_KEY_UISupportedInterfaceOrientations_iPad = "UIInterfaceOrientationLandscapeLeft UIInterfaceOrientationLandscapeRight UIInterfaceOrientationPortrait UIInterfaceOrientationPortraitUpsideDown";
				IPHONEOS_DEPLOYMENT_TARGET = 13.0;
				LD_RUNPATH_SEARCH_PATHS = (
					"$(inherited)",
					"@executable_path/Frameworks",
				);
				MARKETING_VERSION = 1.0;
				PRODUCT_BUNDLE_IDENTIFIER = "Emil-Guseynov.MillionaireApp";
				PRODUCT_NAME = "$(TARGET_NAME)";
				SUPPORTED_PLATFORMS = "iphoneos iphonesimulator";
				SUPPORTS_MACCATALYST = NO;
				SUPPORTS_MAC_DESIGNED_FOR_IPHONE_IPAD = NO;
				SWIFT_EMIT_LOC_STRINGS = YES;
				SWIFT_VERSION = 5.0;
				TARGETED_DEVICE_FAMILY = 1;
			};
			name = Release;
		};
/* End XCBuildConfiguration section */

/* Begin XCConfigurationList section */
		C7BC099C298F8FAC00787737 /* Build configuration list for PBXProject "MillionaireApp" */ = {
			isa = XCConfigurationList;
			buildConfigurations = (
				C7BC09B3298F8FAE00787737 /* Debug */,
				C7BC09B4298F8FAE00787737 /* Release */,
			);
			defaultConfigurationIsVisible = 0;
			defaultConfigurationName = Release;
		};
		C7BC09B5298F8FAE00787737 /* Build configuration list for PBXNativeTarget "MillionaireApp" */ = {
			isa = XCConfigurationList;
			buildConfigurations = (
				C7BC09B6298F8FAE00787737 /* Debug */,
				C7BC09B7298F8FAE00787737 /* Release */,
			);
			defaultConfigurationIsVisible = 0;
			defaultConfigurationName = Release;
		};
/* End XCConfigurationList section */
	};
	rootObject = C7BC0999298F8FAC00787737 /* Project object */;
}
